
Microsoft Visual Studio Solution File, Format Version 12.00
# Visual Studio Version 17
VisualStudioVersion = 17.3.32804.467
MinimumVisualStudioVersion = 10.0.40219.1
Project("{FAE04EC0-301F-11D3-BF4B-00C04F79EFBC}") = "ConsoleUI", "ConsoleApp1\ConsoleUI.csproj", "{19FA25FD-73AE-4C47-906A-A7651AE46630}"
EndProject
Project("{FAE04EC0-301F-11D3-BF4B-00C04F79EFBC}") = "Entities", "Entities\Entities.csproj", "{8A61EBF6-5A42-4762-86C3-685F095D39B8}"
EndProject
Project("{FAE04EC0-301F-11D3-BF4B-00C04F79EFBC}") = "Business", "Business\Business.csproj", "{132757E9-2D25-498F-AC4F-2E47921B330E}"
EndProject
Project("{FAE04EC0-301F-11D3-BF4B-00C04F79EFBC}") = "DataAccess", "DataAccess\DataAccess.csproj", "{B7FF01D8-1538-4B79-AAF2-4AC9C5BF691B}"
EndProject
Global
	GlobalSection(SolutionConfigurationPlatforms) = preSolution
		Debug|Any CPU = Debug|Any CPU
		Release|Any CPU = Release|Any CPU
	EndGlobalSection
	GlobalSection(ProjectConfigurationPlatforms) = postSolution
		{19FA25FD-73AE-4C47-906A-A7651AE46630}.Debug|Any CPU.ActiveCfg = Debug|Any CPU
		{19FA25FD-73AE-4C47-906A-A7651AE46630}.Debug|Any CPU.Build.0 = Debug|Any CPU
		{19FA25FD-73AE-4C47-906A-A7651AE46630}.Release|Any CPU.ActiveCfg = Release|Any CPU
		{19FA25FD-73AE-4C47-906A-A7651AE46630}.Release|Any CPU.Build.0 = Release|Any CPU
		{8A61EBF6-5A42-4762-86C3-685F095D39B8}.Debug|Any CPU.ActiveCfg = Debug|Any CPU
		{8A61EBF6-5A42-4762-86C3-685F095D39B8}.Debug|Any CPU.Build.0 = Debug|Any CPU
		{8A61EBF6-5A42-4762-86C3-685F095D39B8}.Release|Any CPU.ActiveCfg = Release|Any CPU
		{8A61EBF6-5A42-4762-86C3-685F095D39B8}.Release|Any CPU.Build.0 = Release|Any CPU
		{132757E9-2D25-498F-AC4F-2E47921B330E}.Debug|Any CPU.ActiveCfg = Debug|Any CPU
		{132757E9-2D25-498F-AC4F-2E47921B330E}.Debug|Any CPU.Build.0 = Debug|Any CPU
		{132757E9-2D25-498F-AC4F-2E47921B330E}.Release|Any CPU.ActiveCfg = Release|Any CPU
		{132757E9-2D25-498F-AC4F-2E47921B330E}.Release|Any CPU.Build.0 = Release|Any CPU
		{B7FF01D8-1538-4B79-AAF2-4AC9C5BF691B}.Debug|Any CPU.ActiveCfg = Debug|Any CPU
		{B7FF01D8-1538-4B79-AAF2-4AC9C5BF691B}.Debug|Any CPU.Build.0 = Debug|Any CPU
		{B7FF01D8-1538-4B79-AAF2-4AC9C5BF691B}.Release|Any CPU.ActiveCfg = Release|Any CPU
		{B7FF01D8-1538-4B79-AAF2-4AC9C5BF691B}.Release|Any CPU.Build.0 = Release|Any CPU
	EndGlobalSection
	GlobalSection(SolutionProperties) = preSolution
		HideSolutionNode = FALSE
	EndGlobalSection
	GlobalSection(ExtensibilityGlobals) = postSolution
		SolutionGuid = {97297846-710A-4D9A-B9E6-45173BFC1706}
	EndGlobalSection
EndGlobal
